# This file was autogenerated by Stack.
# You should not edit this file by hand.
# For more information, please see the documentation at:
#   https://docs.haskellstack.org/en/stable/lock_files

packages:
- completed:
    hackage: sbv-8.10@sha256:910384ec5ec29c6798b855c0f0228d5727e0dcdf210405931dadbcc1d34378fc,29164
    pantry-tree:
      size: 63736
      sha256: 9564ae2d0028c194043efb94866ca9cf7d9873d4b79932a53e04c7880c05159b
  original:
    hackage: sbv-8.10@sha256:910384ec5ec29c6798b855c0f0228d5727e0dcdf210405931dadbcc1d34378fc,29164
snapshots:
- completed:
    size: 563103
    url: https://raw.githubusercontent.com/commercialhaskell/stackage-snapshots/master/lts/17/4.yaml
    sha256: f11e2153044f5f71ea7b1c9398f4721f517c9bd37642ed769647b896564021f3
  original: lts-17.4
